// !$*UTF8*$!
{
	archiveVersion = 1;
	classes = {
	};
	objectVersion = 48;
	objects = {

/* Begin PBXBuildFile section */
		2242B7531F37BA5E003A62EE /* AppDelegate.swift in Sources */ = {isa = PBXBuildFile; fileRef = 2242B7521F37BA5E003A62EE /* AppDelegate.swift */; };
		2242B7551F37BA5E003A62EE /* ViewController.swift in Sources */ = {isa = PBXBuildFile; fileRef = 2242B7541F37BA5E003A62EE /* ViewController.swift */; };
		2242B7571F37BA5E003A62EE /* Assets.xcassets in Resources */ = {isa = PBXBuildFile; fileRef = 2242B7561F37BA5E003A62EE /* Assets.xcassets */; };
		2242B75A1F37BA5E003A62EE /* Main.storyboard in Resources */ = {isa = PBXBuildFile; fileRef = 2242B7581F37BA5E003A62EE /* Main.storyboard */; };
		2242B7631F37DC30003A62EE /* CustomWindowController.swift in Sources */ = {isa = PBXBuildFile; fileRef = 2242B7621F37DC30003A62EE /* CustomWindowController.swift */; };
/* End PBXBuildFile section */

/* Begin PBXFileReference section */
		2242B74F1F37BA5E003A62EE /* QuickTerminal.app */ = {isa = PBXFileReference; explicitFileType = wrapper.application; includeInIndex = 0; path = QuickTerminal.app; sourceTree = BUILT_PRODUCTS_DIR; };
		2242B7521F37BA5E003A62EE /* AppDelegate.swift */ = {isa = PBXFileReference; lastKnownFileType = sourcecode.swift; path = AppDelegate.swift; sourceTree = "<group>"; };
		2242B7541F37BA5E003A62EE /* ViewController.swift */ = {isa = PBXFileReference; lastKnownFileType = sourcecode.swift; path = ViewController.swift; sourceTree = "<group>"; };
		2242B7561F37BA5E003A62EE /* Assets.xcassets */ = {isa = PBXFileReference; lastKnownFileType = folder.assetcatalog; path = Assets.xcassets; sourceTree = "<group>"; };
		2242B7591F37BA5E003A62EE /* Base */ = {isa = PBXFileReference; lastKnownFileType = file.storyboard; name = Base; path = Base.lproj/Main.storyboard; sourceTree = "<group>"; };
		2242B75B1F37BA5E003A62EE /* Info.plist */ = {isa = PBXFileReference; lastKnownFileType = text.plist.xml; path = Info.plist; sourceTree = "<group>"; };
		2242B75C1F37BA5E003A62EE /* QuickTerminal.entitlements */ = {isa = PBXFileReference; lastKnownFileType = text.plist.entitlements; path = QuickTerminal.entitlements; sourceTree = "<group>"; };
		2242B7621F37DC30003A62EE /* CustomWindowController.swift */ = {isa = PBXFileReference; lastKnownFileType = sourcecode.swift; path = CustomWindowController.swift; sourceTree = "<group>"; };
/* End PBXFileReference section */

/* Begin PBXFrameworksBuildPhase section */
		2242B74C1F37BA5E003A62EE /* Frameworks */ = {
			isa = PBXFrameworksBuildPhase;
			buildActionMask = 2147483647;
			files = (
			);
			runOnlyForDeploymentPostprocessing = 0;
		};
/* End PBXFrameworksBuildPhase section */

/* Begin PBXGroup section */
		2242B7461F37BA5E003A62EE = {
			isa = PBXGroup;
			children = (
				2242B7511F37BA5E003A62EE /* QuickTerminal */,
				2242B7501F37BA5E003A62EE /* Products */,
			);
			sourceTree = "<group>";
		};
		2242B7501F37BA5E003A62EE /* Products */ = {
			isa = PBXGroup;
			children = (
				2242B74F1F37BA5E003A62EE /* QuickTerminal.app */,
			);
			name = Products;
			sourceTree = "<group>";
		};
		2242B7511F37BA5E003A62EE /* QuickTerminal */ = {
			isa = PBXGroup;
			children = (
				2242B7521F37BA5E003A62EE /* AppDelegate.swift */,
				2242B7541F37BA5E003A62EE /* ViewController.swift */,
				2242B7621F37DC30003A62EE /* CustomWindowController.swift */,
				2242B7561F37BA5E003A62EE /* Assets.xcassets */,
				2242B7581F37BA5E003A62EE /* Main.storyboard */,
				2242B75B1F37BA5E003A62EE /* Info.plist */,
				2242B75C1F37BA5E003A62EE /* QuickTerminal.entitlements */,
			);
			path = QuickTerminal;
			sourceTree = "<group>";
		};
/* End PBXGroup section */

/* Begin PBXNativeTarget section */
		2242B74E1F37BA5E003A62EE /* QuickTerminal */ = {
			isa = PBXNativeTarget;
			buildConfigurationList = 2242B75F1F37BA5E003A62EE /* Build configuration list for PBXNativeTarget "QuickTerminal" */;
			buildPhases = (
				2242B74B1F37BA5E003A62EE /* Sources */,
				2242B74C1F37BA5E003A62EE /* Frameworks */,
				2242B74D1F37BA5E003A62EE /* Resources */,
			);
			buildRules = (
			);
			dependencies = (
			);
			name = QuickTerminal;
			productName = QuickTerminal;
			productReference = 2242B74F1F37BA5E003A62EE /* QuickTerminal.app */;
			productType = "com.apple.product-type.application";
		};
/* End PBXNativeTarget section */

/* Begin PBXProject section */
		2242B7471F37BA5E003A62EE /* Project object */ = {
			isa = PBXProject;
			attributes = {
				LastSwiftUpdateCheck = 0900;
				LastUpgradeCheck = 0900;
				ORGANIZATIONNAME = "Mohammad Al-Ahdal";
				TargetAttributes = {
					2242B74E1F37BA5E003A62EE = {
						CreatedOnToolsVersion = 9.0;
					};
				};
			};
			buildConfigurationList = 2242B74A1F37BA5E003A62EE /* Build configuration list for PBXProject "QuickTerminal" */;
			compatibilityVersion = "Xcode 8.0";
			developmentRegion = en;
			hasScannedForEncodings = 0;
			knownRegions = (
				en,
				Base,
			);
			mainGroup = 2242B7461F37BA5E003A62EE;
			productRefGroup = 2242B7501F37BA5E003A62EE /* Products */;
			projectDirPath = "";
			projectRoot = "";
			targets = (
				2242B74E1F37BA5E003A62EE /* QuickTerminal */,
			);
		};
/* End PBXProject section */

/* Begin PBXResourcesBuildPhase section */
		2242B74D1F37BA5E003A62EE /* Resources */ = {
			isa = PBXResourcesBuildPhase;
			buildActionMask = 2147483647;
			files = (
				2242B7571F37BA5E003A62EE /* Assets.xcassets in Resources */,
				2242B75A1F37BA5E003A62EE /* Main.storyboard in Resources */,
			);
			runOnlyForDeploymentPostprocessing = 0;
		};
/* End PBXResourcesBuildPhase section */

/* Begin PBXSourcesBuildPhase section */
		2242B74B1F37BA5E003A62EE /* Sources */ = {
			isa = PBXSourcesBuildPhase;
			buildActionMask = 2147483647;
			files = (
				2242B7551F37BA5E003A62EE /* ViewController.swift in Sources */,
				2242B7531F37BA5E003A62EE /* AppDelegate.swift in Sources */,
				2242B7631F37DC30003A62EE /* CustomWindowController.swift in Sources */,
			);
			runOnlyForDeploymentPostprocessing = 0;
		};
/* End PBXSourcesBuildPhase section */

/* Begin PBXVariantGroup section */
		2242B7581F37BA5E003A62EE /* Main.storyboard */ = {
			isa = PBXVariantGroup;
			children = (
				2242B7591F37BA5E003A62EE /* Base */,
			);
			name = Main.storyboard;
			sourceTree = "<group>";
		};
/* End PBXVariantGroup section */

/* Begin XCBuildConfiguration section */
		2242B75D1F37BA5E003A62EE /* Debug */ = {
			isa = XCBuildConfiguration;
			buildSettings = {
				ALWAYS_SEARCH_USER_PATHS = NO;
				CLANG_ANALYZER_NONNULL = YES;
				CLANG_ANALYZER_NUMBER_OBJECT_CONVERSION = YES_AGGRESSIVE;
				CLANG_CXX_LANGUAGE_STANDARD = "gnu++14";
				CLANG_CXX_LIBRARY = "libc++";
				CLANG_ENABLE_MODULES = YES;
				CLANG_ENABLE_OBJC_ARC = YES;
				CLANG_WARN_BLOCK_CAPTURE_AUTORELEASING = YES;
				CLANG_WARN_BOOL_CONVERSION = YES;
				CLANG_WARN_COMMA = YES;
				CLANG_WARN_CONSTANT_CONVERSION = YES;
				CLANG_WARN_DIRECT_OBJC_ISA_USAGE = YES_ERROR;
				CLANG_WARN_DOCUMENTATION_COMMENTS = YES;
				CLANG_WARN_EMPTY_BODY = YES;
				CLANG_WARN_ENUM_CONVERSION = YES;
				CLANG_WARN_INFINITE_RECURSION = YES;
				CLANG_WARN_INT_CONVERSION = YES;
				CLANG_WARN_NON_LITERAL_NULL_CONVERSION = YES;
				CLANG_WARN_OBJC_LITERAL_CONVERSION = YES;
				CLANG_WARN_OBJC_ROOT_CLASS = YES_ERROR;
				CLANG_WARN_RANGE_LOOP_ANALYSIS = YES;
				CLANG_WARN_STRICT_PROTOTYPES = YES;
				CLANG_WARN_SUSPICIOUS_MOVE = YES;
				CLANG_WARN_UNGUARDED_AVAILABILITY = YES_AGGRESSIVE;
				CLANG_WARN_UNREACHABLE_CODE = YES;
				CLANG_WARN__DUPLICATE_METHOD_MATCH = YES;
				CODE_SIGN_IDENTITY = "Mac Developer";
				COPY_PHASE_STRIP = NO;
				DEBUG_INFORMATION_FORMAT = dwarf;
				ENABLE_STRICT_OBJC_MSGSEND = YES;
				ENABLE_TESTABILITY = YES;
				GCC_C_LANGUAGE_STANDARD = gnu11;
				GCC_DYNAMIC_NO_PIC = NO;
				GCC_NO_COMMON_BLOCKS = YES;
				GCC_OPTIMIZATION_LEVEL = 0;
				GCC_PREPROCESSOR_DEFINITIONS = (
					"DEBUG=1",
					"$(inherited)",
				);
				GCC_WARN_64_TO_32_BIT_CONVERSION = YES;
				GCC_WARN_ABOUT_RETURN_TYPE = YES_ERROR;
				GCC_WARN_UNDECLARED_SELECTOR = YES;
				GCC_WARN_UNINITIALIZED_AUTOS = YES_AGGRESSIVE;
				GCC_WARN_UNUSED_FUNCTION = YES;
				GCC_WARN_UNUSED_VARIABLE = YES;
				MACOSX_DEPLOYMENT_TARGET = 10.13;
				MTL_ENABLE_DEBUG_INFO = YES;
				ONLY_ACTIVE_ARCH = YES;
				SDKROOT = macosx;
				SWIFT_ACTIVE_COMPILATION_CONDITIONS = DEBUG;
				SWIFT_OPTIMIZATION_LEVEL = "-Onone";
			};
			name = Debug;
		};
		2242B75E1F37BA5E003A62EE /* Release */ = {
			isa = XCBuildConfiguration;
			buildSettings = {
				ALWAYS_SEARCH_USER_PATHS = NO;
				CLANG_ANALYZER_NONNULL = YES;
				CLANG_ANALYZER_NUMBER_OBJECT_CONVERSION = YES_AGGRESSIVE;
				CLANG_CXX_LANGUAGE_STANDARD = "gnu++14";
				CLANG_CXX_LIBRARY = "libc++";
				CLANG_ENABLE_MODULES = YES;
				CLANG_ENABLE_OBJC_ARC = YES;
				CLANG_WARN_BLOCK_CAPTURE_AUTORELEASING = YES;
				CLANG_WARN_BOOL_CONVERSION = YES;
				CLANG_WARN_COMMA = YES;
				CLANG_WARN_CONSTANT_CONVERSION = YES;
				CLANG_WARN_DIRECT_OBJC_ISA_USAGE = YES_ERROR;
				CLANG_WARN_DOCUMENTATION_COMMENTS = YES;
				CLANG_WARN_EMPTY_BODY = YES;
				CLANG_WARN_ENUM_CONVERSION = YES;
				CLANG_WARN_INFINITE_RECURSION = YES;
				CLANG_WARN_INT_CONVERSION = YES;
				CLANG_WARN_NON_LITERAL_NULL_CONVERSION = YES;
				CLANG_WARN_OBJC_LITERAL_CONVERSION = YES;
				CLANG_WARN_OBJC_ROOT_CLASS = YES_ERROR;
				CLANG_WARN_RANGE_LOOP_ANALYSIS = YES;
				CLANG_WARN_STRICT_PROTOTYPES = YES;
				CLANG_WARN_SUSPICIOUS_MOVE = YES;
				CLANG_WARN_UNGUARDED_AVAILABILITY = YES_AGGRESSIVE;
				CLANG_WARN_UNREACHABLE_CODE = YES;
				CLANG_WARN__DUPLICATE_METHOD_MATCH = YES;
				CODE_SIGN_IDENTITY = "Mac Developer";
				COPY_PHASE_STRIP = NO;
				DEBUG_INFORMATION_FORMAT = "dwarf-with-dsym";
				ENABLE_NS_ASSERTIONS = NO;
				ENABLE_STRICT_OBJC_MSGSEND = YES;
				GCC_C_LANGUAGE_STANDARD = gnu11;
				GCC_NO_COMMON_BLOCKS = YES;
				GCC_WARN_64_TO_32_BIT_CONVERSION = YES;
				GCC_WARN_ABOUT_RETURN_TYPE = YES_ERROR;
				GCC_WARN_UNDECLARED_SELECTOR = YES;
				GCC_WARN_UNINITIALIZED_AUTOS = YES_AGGRESSIVE;
				GCC_WARN_UNUSED_FUNCTION = YES;
				GCC_WARN_UNUSED_VARIABLE = YES;
				MACOSX_DEPLOYMENT_TARGET = 10.13;
				MTL_ENABLE_DEBUG_INFO = NO;
				SDKROOT = macosx;
				SWIFT_OPTIMIZATION_LEVEL = "-Owholemodule";
			};
			name = Release;
		};
		2242B7601F37BA5E003A62EE /* Debug */ = {
			isa = XCBuildConfiguration;
			buildSettings = {
				ASSETCATALOG_COMPILER_APPICON_NAME = AppIcon;
				CODE_SIGN_ENTITLEMENTS = QuickTerminal/QuickTerminal.entitlements;
				COMBINE_HIDPI_IMAGES = YES;
				DEVELOPMENT_TEAM = 9RRMC8U5VD;
				INFOPLIST_FILE = QuickTerminal/Info.plist;
				LD_RUNPATH_SEARCH_PATHS = "$(inherited) @executable_path/../Frameworks";
				MACOSX_DEPLOYMENT_TARGET = 10.13;
				PRODUCT_BUNDLE_IDENTIFIER = ca.returnzerolabs.QuickTerminal;
				PRODUCT_NAME = "$(TARGET_NAME)";
				SWIFT_VERSION = 4.0;
			};
			name = Debug;
		};
		2242B7611F37BA5E003A62EE /* Release */ = {
			isa = XCBuildConfiguration;
			buildSettings = {
				ASSETCATALOG_COMPILER_APPICON_NAME = AppIcon;
				CODE_SIGN_ENTITLEMENTS = QuickTerminal/QuickTerminal.entitlements;
				COMBINE_HIDPI_IMAGES = YES;
				DEVELOPMENT_TEAM = 9RRMC8U5VD;
				INFOPLIST_FILE = QuickTerminal/Info.plist;
				LD_RUNPATH_SEARCH_PATHS = "$(inherited) @executable_path/../Frameworks";
				MACOSX_DEPLOYMENT_TARGET = 10.13;
				PRODUCT_BUNDLE_IDENTIFIER = ca.returnzerolabs.QuickTerminal;
				PRODUCT_NAME = "$(TARGET_NAME)";
				SWIFT_VERSION = 4.0;
			};
			name = Release;
		};
/* End XCBuildConfiguration section */

/* Begin XCConfigurationList section */
		2242B74A1F37BA5E003A62EE /* Build configuration list for PBXProject "QuickTerminal" */ = {
			isa = XCConfigurationList;
			buildConfigurations = (
				2242B75D1F37BA5E003A62EE /* Debug */,
				2242B75E1F37BA5E003A62EE /* Release */,
			);
			defaultConfigurationIsVisible = 0;
			defaultConfigurationName = Release;
		};
		2242B75F1F37BA5E003A62EE /* Build configuration list for PBXNativeTarget "QuickTerminal" */ = {
			isa = XCConfigurationList;
			buildConfigurations = (
				2242B7601F37BA5E003A62EE /* Debug */,
				2242B7611F37BA5E003A62EE /* Release */,
			);
			defaultConfigurationIsVisible = 0;
			defaultConfigurationName = Release;
		};
/* End XCConfigurationList section */
	};
	rootObject = 2242B7471F37BA5E003A62EE /* Project object */;
}
